
Microsoft Visual Studio Solution File, Format Version 12.00
# Visual Studio Version 16
VisualStudioVersion = 16.0.30717.126
MinimumVisualStudioVersion = 10.0.40219.1
Project("{9A19103F-16F7-4668-BE54-9A1E7A4F7556}") = "BitbyBitBlog", "BitbyBitBlog\BitbyBitBlog.csproj", "{F6C97C38-277F-490A-B8B7-16D9EA052A26}"
EndProject
Global
	GlobalSection(SolutionConfigurationPlatforms) = preSolution
		Debug|Any CPU = Debug|Any CPU
		Release|Any CPU = Release|Any CPU
	EndGlobalSection
	GlobalSection(ProjectConfigurationPlatforms) = postSolution
		{F6C97C38-277F-490A-B8B7-16D9EA052A26}.Debug|Any CPU.ActiveCfg = Debug|Any CPU
		{F6C97C38-277F-490A-B8B7-16D9EA052A26}.Debug|Any CPU.Build.0 = Debug|Any CPU
		{F6C97C38-277F-490A-B8B7-16D9EA052A26}.Release|Any CPU.ActiveCfg = Release|Any CPU
		{F6C97C38-277F-490A-B8B7-16D9EA052A26}.Release|Any CPU.Build.0 = Release|Any CPU
	EndGlobalSection
	GlobalSection(SolutionProperties) = preSolution
		HideSolutionNode = FALSE
	EndGlobalSection
	GlobalSection(ExtensibilityGlobals) = postSolution
		SolutionGuid = {1D2D7E48-1405-4C55-85F1-238E052D5E7E}
	EndGlobalSection
EndGlobal
